
Microsoft Visual Studio Solution File, Format Version 12.00
# Visual Studio Version 17
VisualStudioVersion = 17.11.35222.181
MinimumVisualStudioVersion = 10.0.40219.1
Project("{FAE04EC0-301F-11D3-BF4B-00C04F79EFBC}") = "CalculadoraParrtidasRankeadas", "CalculadoraParrtidasRankeadas.csproj", "{96A22CD5-B58C-485D-987D-B3457032AD1B}"
EndProject
Global
	GlobalSection(SolutionConfigurationPlatforms) = preSolution
		Debug|Any CPU = Debug|Any CPU
		Release|Any CPU = Release|Any CPU
	EndGlobalSection
	GlobalSection(ProjectConfigurationPlatforms) = postSolution
		{96A22CD5-B58C-485D-987D-B3457032AD1B}.Debug|Any CPU.ActiveCfg = Debug|Any CPU
		{96A22CD5-B58C-485D-987D-B3457032AD1B}.Debug|Any CPU.Build.0 = Debug|Any CPU
		{96A22CD5-B58C-485D-987D-B3457032AD1B}.Release|Any CPU.ActiveCfg = Release|Any CPU
		{96A22CD5-B58C-485D-987D-B3457032AD1B}.Release|Any CPU.Build.0 = Release|Any CPU
	EndGlobalSection
	GlobalSection(SolutionProperties) = preSolution
		HideSolutionNode = FALSE
	EndGlobalSection
	GlobalSection(ExtensibilityGlobals) = postSolution
		SolutionGuid = {17B3037B-5D59-4B96-8770-F8D76DE614D5}
	EndGlobalSection
EndGlobal
